
Microsoft Visual Studio Solution File, Format Version 11.00
# Visual Studio 2010
Project("{FAE04EC0-301F-11D3-BF4B-00C04F79EFBC}") = "GroupGiving.Web", "GroupGiving.Web\GroupGiving.Web.csproj", "{B75BD700-F6ED-4B72-AB58-19875F157585}"
EndProject
Project("{FAE04EC0-301F-11D3-BF4B-00C04F79EFBC}") = "PayPal.Tests.Integration", "PayPal.Tests.Integration\PayPal.Tests.Integration.csproj", "{6AB21D0F-97EC-4A45-9668-CAB3C655993A}"
EndProject
Project("{FAE04EC0-301F-11D3-BF4B-00C04F79EFBC}") = "PayPal", "..\..\tools\paypalhelper-5965\code\PayPal\PayPal.csproj", "{D41BB3C4-046E-491F-8EC7-D2D063F52435}"
EndProject
Project("{FAE04EC0-301F-11D3-BF4B-00C04F79EFBC}") = "GroupGiving.PayPal", "GroupGiving.PayPal\GroupGiving.PayPal.csproj", "{69AC82E2-904E-4A5F-9A94-E5EDD91534AB}"
EndProject
Project("{FAE04EC0-301F-11D3-BF4B-00C04F79EFBC}") = "GroupGiving.Core", "GroupGiving.Core\GroupGiving.Core.csproj", "{665762CC-21C5-4DF4-A0AD-AB23C449DDF9}"
EndProject
Project("{FAE04EC0-301F-11D3-BF4B-00C04F79EFBC}") = "RavenDBMembership", "RavenDBMembership\RavenDBMembership.csproj", "{07CCE5B6-9111-46DC-AAEC-00D80E19FE4A}"
EndProject
Project("{FAE04EC0-301F-11D3-BF4B-00C04F79EFBC}") = "GroupGiving.Test.Integration", "GroupGiving.Test.Integration\GroupGiving.Test.Integration.csproj", "{0C062F11-2A45-4F19-AD3D-4DE280CEA6A1}"
EndProject
Project("{FAE04EC0-301F-11D3-BF4B-00C04F79EFBC}") = "GroupGiving.Test.Unit", "GroupGiving.Test.Unit\GroupGiving.Test.Unit.csproj", "{41153002-7854-4FE3-9302-67927EE2B091}"
EndProject
Project("{FAE04EC0-301F-11D3-BF4B-00C04F79EFBC}") = "GroupGiving.Test.Common", "GroupGiving.Test.Common\GroupGiving.Test.Common.csproj", "{8D1BC929-6F29-4B15-902E-5644935575B1}"
EndProject
Project("{FAE04EC0-301F-11D3-BF4B-00C04F79EFBC}") = "LoadTest.Console", "LoadTest.Console\LoadTest.Console.csproj", "{262CCFC3-63FE-4D18-B9B9-394397CFD89E}"
EndProject
Global
	GlobalSection(SolutionConfigurationPlatforms) = preSolution
		Debug|Any CPU = Debug|Any CPU
		Debug|Mixed Platforms = Debug|Mixed Platforms
		Debug|x86 = Debug|x86
		Release|Any CPU = Release|Any CPU
		Release|Mixed Platforms = Release|Mixed Platforms
		Release|x86 = Release|x86
	EndGlobalSection
	GlobalSection(ProjectConfigurationPlatforms) = postSolution
		{B75BD700-F6ED-4B72-AB58-19875F157585}.Debug|Any CPU.ActiveCfg = Debug|Any CPU
		{B75BD700-F6ED-4B72-AB58-19875F157585}.Debug|Any CPU.Build.0 = Debug|Any CPU
		{B75BD700-F6ED-4B72-AB58-19875F157585}.Debug|Mixed Platforms.ActiveCfg = Debug|Any CPU
		{B75BD700-F6ED-4B72-AB58-19875F157585}.Debug|Mixed Platforms.Build.0 = Debug|Any CPU
		{B75BD700-F6ED-4B72-AB58-19875F157585}.Debug|x86.ActiveCfg = Debug|Any CPU
		{B75BD700-F6ED-4B72-AB58-19875F157585}.Release|Any CPU.ActiveCfg = Release|Any CPU
		{B75BD700-F6ED-4B72-AB58-19875F157585}.Release|Any CPU.Build.0 = Release|Any CPU
		{B75BD700-F6ED-4B72-AB58-19875F157585}.Release|Mixed Platforms.ActiveCfg = Release|Any CPU
		{B75BD700-F6ED-4B72-AB58-19875F157585}.Release|Mixed Platforms.Build.0 = Release|Any CPU
		{B75BD700-F6ED-4B72-AB58-19875F157585}.Release|x86.ActiveCfg = Release|Any CPU
		{6AB21D0F-97EC-4A45-9668-CAB3C655993A}.Debug|Any CPU.ActiveCfg = Debug|x86
		{6AB21D0F-97EC-4A45-9668-CAB3C655993A}.Debug|Mixed Platforms.ActiveCfg = Debug|x86
		{6AB21D0F-97EC-4A45-9668-CAB3C655993A}.Debug|Mixed Platforms.Build.0 = Debug|x86
		{6AB21D0F-97EC-4A45-9668-CAB3C655993A}.Debug|x86.ActiveCfg = Debug|x86
		{6AB21D0F-97EC-4A45-9668-CAB3C655993A}.Debug|x86.Build.0 = Debug|x86
		{6AB21D0F-97EC-4A45-9668-CAB3C655993A}.Release|Any CPU.ActiveCfg = Release|x86
		{6AB21D0F-97EC-4A45-9668-CAB3C655993A}.Release|Mixed Platforms.ActiveCfg = Release|x86
		{6AB21D0F-97EC-4A45-9668-CAB3C655993A}.Release|Mixed Platforms.Build.0 = Release|x86
		{6AB21D0F-97EC-4A45-9668-CAB3C655993A}.Release|x86.ActiveCfg = Release|x86
		{6AB21D0F-97EC-4A45-9668-CAB3C655993A}.Release|x86.Build.0 = Release|x86
		{D41BB3C4-046E-491F-8EC7-D2D063F52435}.Debug|Any CPU.ActiveCfg = Debug|Any CPU
		{D41BB3C4-046E-491F-8EC7-D2D063F52435}.Debug|Any CPU.Build.0 = Debug|Any CPU
		{D41BB3C4-046E-491F-8EC7-D2D063F52435}.Debug|Mixed Platforms.ActiveCfg = Debug|Any CPU
		{D41BB3C4-046E-491F-8EC7-D2D063F52435}.Debug|Mixed Platforms.Build.0 = Debug|Any CPU
		{D41BB3C4-046E-491F-8EC7-D2D063F52435}.Debug|x86.ActiveCfg = Debug|Any CPU
		{D41BB3C4-046E-491F-8EC7-D2D063F52435}.Release|Any CPU.ActiveCfg = Release|Any CPU
		{D41BB3C4-046E-491F-8EC7-D2D063F52435}.Release|Any CPU.Build.0 = Release|Any CPU
		{D41BB3C4-046E-491F-8EC7-D2D063F52435}.Release|Mixed Platforms.ActiveCfg = Release|Any CPU
		{D41BB3C4-046E-491F-8EC7-D2D063F52435}.Release|Mixed Platforms.Build.0 = Release|Any CPU
		{D41BB3C4-046E-491F-8EC7-D2D063F52435}.Release|x86.ActiveCfg = Release|Any CPU
		{69AC82E2-904E-4A5F-9A94-E5EDD91534AB}.Debug|Any CPU.ActiveCfg = Debug|Any CPU
		{69AC82E2-904E-4A5F-9A94-E5EDD91534AB}.Debug|Any CPU.Build.0 = Debug|Any CPU
		{69AC82E2-904E-4A5F-9A94-E5EDD91534AB}.Debug|Mixed Platforms.ActiveCfg = Debug|Any CPU
		{69AC82E2-904E-4A5F-9A94-E5EDD91534AB}.Debug|Mixed Platforms.Build.0 = Debug|Any CPU
		{69AC82E2-904E-4A5F-9A94-E5EDD91534AB}.Debug|x86.ActiveCfg = Debug|Any CPU
		{69AC82E2-904E-4A5F-9A94-E5EDD91534AB}.Release|Any CPU.ActiveCfg = Release|Any CPU
		{69AC82E2-904E-4A5F-9A94-E5EDD91534AB}.Release|Any CPU.Build.0 = Release|Any CPU
		{69AC82E2-904E-4A5F-9A94-E5EDD91534AB}.Release|Mixed Platforms.ActiveCfg = Release|Any CPU
		{69AC82E2-904E-4A5F-9A94-E5EDD91534AB}.Release|Mixed Platforms.Build.0 = Release|Any CPU
		{69AC82E2-904E-4A5F-9A94-E5EDD91534AB}.Release|x86.ActiveCfg = Release|Any CPU
		{665762CC-21C5-4DF4-A0AD-AB23C449DDF9}.Debug|Any CPU.ActiveCfg = Debug|Any CPU
		{665762CC-21C5-4DF4-A0AD-AB23C449DDF9}.Debug|Any CPU.Build.0 = Debug|Any CPU
		{665762CC-21C5-4DF4-A0AD-AB23C449DDF9}.Debug|Mixed Platforms.ActiveCfg = Debug|Any CPU
		{665762CC-21C5-4DF4-A0AD-AB23C449DDF9}.Debug|Mixed Platforms.Build.0 = Debug|Any CPU
		{665762CC-21C5-4DF4-A0AD-AB23C449DDF9}.Debug|x86.ActiveCfg = Debug|Any CPU
		{665762CC-21C5-4DF4-A0AD-AB23C449DDF9}.Release|Any CPU.ActiveCfg = Release|Any CPU
		{665762CC-21C5-4DF4-A0AD-AB23C449DDF9}.Release|Any CPU.Build.0 = Release|Any CPU
		{665762CC-21C5-4DF4-A0AD-AB23C449DDF9}.Release|Mixed Platforms.ActiveCfg = Release|Any CPU
		{665762CC-21C5-4DF4-A0AD-AB23C449DDF9}.Release|Mixed Platforms.Build.0 = Release|Any CPU
		{665762CC-21C5-4DF4-A0AD-AB23C449DDF9}.Release|x86.ActiveCfg = Release|Any CPU
		{07CCE5B6-9111-46DC-AAEC-00D80E19FE4A}.Debug|Any CPU.ActiveCfg = Debug|Any CPU
		{07CCE5B6-9111-46DC-AAEC-00D80E19FE4A}.Debug|Any CPU.Build.0 = Debug|Any CPU
		{07CCE5B6-9111-46DC-AAEC-00D80E19FE4A}.Debug|Mixed Platforms.ActiveCfg = Debug|Any CPU
		{07CCE5B6-9111-46DC-AAEC-00D80E19FE4A}.Debug|Mixed Platforms.Build.0 = Debug|Any CPU
		{07CCE5B6-9111-46DC-AAEC-00D80E19FE4A}.Debug|x86.ActiveCfg = Debug|Any CPU
		{07CCE5B6-9111-46DC-AAEC-00D80E19FE4A}.Release|Any CPU.ActiveCfg = Release|Any CPU
		{07CCE5B6-9111-46DC-AAEC-00D80E19FE4A}.Release|Any CPU.Build.0 = Release|Any CPU
		{07CCE5B6-9111-46DC-AAEC-00D80E19FE4A}.Release|Mixed Platforms.ActiveCfg = Release|Any CPU
		{07CCE5B6-9111-46DC-AAEC-00D80E19FE4A}.Release|Mixed Platforms.Build.0 = Release|Any CPU
		{07CCE5B6-9111-46DC-AAEC-00D80E19FE4A}.Release|x86.ActiveCfg = Release|Any CPU
		{0C062F11-2A45-4F19-AD3D-4DE280CEA6A1}.Debug|Any CPU.ActiveCfg = Debug|Any CPU
		{0C062F11-2A45-4F19-AD3D-4DE280CEA6A1}.Debug|Any CPU.Build.0 = Debug|Any CPU
		{0C062F11-2A45-4F19-AD3D-4DE280CEA6A1}.Debug|Mixed Platforms.ActiveCfg = Debug|Any CPU
		{0C062F11-2A45-4F19-AD3D-4DE280CEA6A1}.Debug|Mixed Platforms.Build.0 = Debug|Any CPU
		{0C062F11-2A45-4F19-AD3D-4DE280CEA6A1}.Debug|x86.ActiveCfg = Debug|Any CPU
		{0C062F11-2A45-4F19-AD3D-4DE280CEA6A1}.Release|Any CPU.ActiveCfg = Release|Any CPU
		{0C062F11-2A45-4F19-AD3D-4DE280CEA6A1}.Release|Any CPU.Build.0 = Release|Any CPU
		{0C062F11-2A45-4F19-AD3D-4DE280CEA6A1}.Release|Mixed Platforms.ActiveCfg = Release|Any CPU
		{0C062F11-2A45-4F19-AD3D-4DE280CEA6A1}.Release|Mixed Platforms.Build.0 = Release|Any CPU
		{0C062F11-2A45-4F19-AD3D-4DE280CEA6A1}.Release|x86.ActiveCfg = Release|Any CPU
		{41153002-7854-4FE3-9302-67927EE2B091}.Debug|Any CPU.ActiveCfg = Debug|Any CPU
		{41153002-7854-4FE3-9302-67927EE2B091}.Debug|Any CPU.Build.0 = Debug|Any CPU
		{41153002-7854-4FE3-9302-67927EE2B091}.Debug|Mixed Platforms.ActiveCfg = Debug|Any CPU
		{41153002-7854-4FE3-9302-67927EE2B091}.Debug|Mixed Platforms.Build.0 = Debug|Any CPU
		{41153002-7854-4FE3-9302-67927EE2B091}.Debug|x86.ActiveCfg = Debug|Any CPU
		{41153002-7854-4FE3-9302-67927EE2B091}.Release|Any CPU.ActiveCfg = Release|Any CPU
		{41153002-7854-4FE3-9302-67927EE2B091}.Release|Any CPU.Build.0 = Release|Any CPU
		{41153002-7854-4FE3-9302-67927EE2B091}.Release|Mixed Platforms.ActiveCfg = Release|Any CPU
		{41153002-7854-4FE3-9302-67927EE2B091}.Release|Mixed Platforms.Build.0 = Release|Any CPU
		{41153002-7854-4FE3-9302-67927EE2B091}.Release|x86.ActiveCfg = Release|Any CPU
		{8D1BC929-6F29-4B15-902E-5644935575B1}.Debug|Any CPU.ActiveCfg = Debug|Any CPU
		{8D1BC929-6F29-4B15-902E-5644935575B1}.Debug|Any CPU.Build.0 = Debug|Any CPU
		{8D1BC929-6F29-4B15-902E-5644935575B1}.Debug|Mixed Platforms.ActiveCfg = Debug|Any CPU
		{8D1BC929-6F29-4B15-902E-5644935575B1}.Debug|Mixed Platforms.Build.0 = Debug|Any CPU
		{8D1BC929-6F29-4B15-902E-5644935575B1}.Debug|x86.ActiveCfg = Debug|Any CPU
		{8D1BC929-6F29-4B15-902E-5644935575B1}.Release|Any CPU.ActiveCfg = Release|Any CPU
		{8D1BC929-6F29-4B15-902E-5644935575B1}.Release|Any CPU.Build.0 = Release|Any CPU
		{8D1BC929-6F29-4B15-902E-5644935575B1}.Release|Mixed Platforms.ActiveCfg = Release|Any CPU
		{8D1BC929-6F29-4B15-902E-5644935575B1}.Release|Mixed Platforms.Build.0 = Release|Any CPU
		{8D1BC929-6F29-4B15-902E-5644935575B1}.Release|x86.ActiveCfg = Release|Any CPU
		{262CCFC3-63FE-4D18-B9B9-394397CFD89E}.Debug|Any CPU.ActiveCfg = Debug|x86
		{262CCFC3-63FE-4D18-B9B9-394397CFD89E}.Debug|Mixed Platforms.ActiveCfg = Debug|x86
		{262CCFC3-63FE-4D18-B9B9-394397CFD89E}.Debug|Mixed Platforms.Build.0 = Debug|x86
		{262CCFC3-63FE-4D18-B9B9-394397CFD89E}.Debug|x86.ActiveCfg = Debug|x86
		{262CCFC3-63FE-4D18-B9B9-394397CFD89E}.Debug|x86.Build.0 = Debug|x86
		{262CCFC3-63FE-4D18-B9B9-394397CFD89E}.Release|Any CPU.ActiveCfg = Release|x86
		{262CCFC3-63FE-4D18-B9B9-394397CFD89E}.Release|Mixed Platforms.ActiveCfg = Release|x86
		{262CCFC3-63FE-4D18-B9B9-394397CFD89E}.Release|Mixed Platforms.Build.0 = Release|x86
		{262CCFC3-63FE-4D18-B9B9-394397CFD89E}.Release|x86.ActiveCfg = Release|x86
		{262CCFC3-63FE-4D18-B9B9-394397CFD89E}.Release|x86.Build.0 = Release|x86
	EndGlobalSection
	GlobalSection(SolutionProperties) = preSolution
		HideSolutionNode = FALSE
	EndGlobalSection
EndGlobal
